{
  "version": 4,
  "terraform_version": "1.9.8",
  "serial": 6,
  "lineage": "9c977fbb-ce30-a24b-3961-9743a916b727",
  "outputs": {},
  "resources": [
    {
      "mode": "data",
      "type": "google_client_config",
      "name": "default",
      "provider": "provider[\"registry.terraform.io/hashicorp/google\"]",
      "instances": [
        {
          "schema_version": 0,
          "attributes": {
            "access_token": "ya29.c.c0ASRK0GYa69NsKowa9d60GTT0AKbtvIE45zNZ9J42F99nQY8tovohZtMVKriafWCoodKndqjt933RXX7N6efyXR7pJaT-s_sRxgZWM22QBZyW-UD-IW8b8W9VyF75i4LCSGrDHp6cya8c9ZY3W83LyPHyXTp0wj-9hNwJjIfizPeFsau4hTz7dgqyzRW7Ousv5xg6n2Y8UIWpuctOVnCw3Lb1Aus4-vwrA0lfQXrC_1FtD9OpjTXgehPgo4jduRSf7Dz25QOIxfVoSC3KvF3L5PpXd9iFkDBKF_PFkO9jLjVV1H6aSreV-90T1m8lCSmBhgpdbd-CZF6fk0yoZ2-L29l_o8ClJkNEa3YHzvfv5D2-yKTG8-9R9xe3aAE387AmgcUgwk1ROOSJmXn2wr8kM2f_cibo1R9nxcp297Wj_no7S5VW-hwtqqSWWSoJ6fwSn--9Yzl9B9-kYmfeJ9bWm_arR_40tif2gM5zeZi1sWv0w0RxJBfZq109ppYzqO8oQYxxYzJ8rFBFdQ6fJcdquWsJ0hMzZ5hO9nJ-jazms5SbdiBX32Y9_kvFco7OuR-xZwS38RjagaqZ1mU70If9Sd9cd1s8rYfYS1gza9k6V06uXanphbYYM5YJ4hj_q5g4s6j6f7Yflx5xiolydyVucaqSe74XsuvnkyF21sgzvpoFXr2BnQewkBtR_ma0riXbJVdll9wymfFB_Mtb1I4hU9OFidc5clXVsbIZ1SskwZ8YOkgb5O00YtSJgVS52XfflZde52mRtMRj_q-Mu438hw0443v0vwQxnm8gls_SS05his-47pwQqfbvb_Xr1VidypvfBZwQJep1JmvaYSgVtzjFrk9mvjZ6IdywZjsYhU3tv0t988VsZ9sXziwebMhnyldaOyWMQfzi4w12laRbyeSOdajsbajwUv5uxIc6XdvFsUe-5zdRltXpfnbz4FBRJSRJh4ckfQqti6-7gvO93ocF5ab_J3M_e6Jv0iae6UO4OhZUxp-wJBo",
            "id": "projects/\"constant-rig-444419-v6\"/regions/\u003cnull\u003e/zones/\u003cnull\u003e",
            "project": "constant-rig-444419-v6",
            "region": null,
            "zone": null
          },
          "sensitive_attributes": [
            [
              {
                "type": "get_attr",
                "value": "access_token"
              }
            ]
          ]
        }
      ]
    },
    {
      "mode": "managed",
      "type": "google_container_cluster",
      "name": "default",
      "provider": "provider[\"registry.terraform.io/hashicorp/google\"]",
      "instances": [
        {
          "schema_version": 2,
          "attributes": {
            "addons_config": [
              {
                "cloudrun_config": [],
                "config_connector_config": [],
                "dns_cache_config": [],
                "gce_persistent_disk_csi_driver_config": [
                  {
                    "enabled": true
                  }
                ],
                "gcp_filestore_csi_driver_config": [],
                "gcs_fuse_csi_driver_config": [],
                "gke_backup_agent_config": [],
                "horizontal_pod_autoscaling": [],
                "http_load_balancing": [],
                "network_policy_config": [
                  {
                    "disabled": true
                  }
                ]
              }
            ],
            "allow_net_admin": null,
            "authenticator_groups_config": [],
            "binary_authorization": [
              {
                "enabled": false,
                "evaluation_mode": ""
              }
            ],
            "cluster_autoscaling": [
              {
                "auto_provisioning_defaults": [],
                "autoscaling_profile": "BALANCED",
                "enabled": false,
                "resource_limits": []
              }
            ],
            "cluster_ipv4_cidr": "10.72.0.0/14",
            "confidential_nodes": [],
            "cost_management_config": [],
            "database_encryption": [
              {
                "key_name": "",
                "state": "DECRYPTED"
              }
            ],
            "datapath_provider": "",
            "default_max_pods_per_node": 110,
            "default_snat_status": [
              {
                "disabled": false
              }
            ],
            "deletion_protection": false,
            "description": "",
            "dns_config": [],
            "enable_autopilot": false,
            "enable_intranode_visibility": false,
            "enable_k8s_beta_apis": [],
            "enable_kubernetes_alpha": false,
            "enable_l4_ilb_subsetting": false,
            "enable_legacy_abac": false,
            "enable_shielded_nodes": true,
            "enable_tpu": false,
            "endpoint": "34.124.157.179",
            "fleet": [],
            "gateway_api_config": [],
            "id": "projects/constant-rig-444419-v6/locations/asia-southeast1-a/clusters/k8s-cluster",
            "identity_service_config": [],
            "initial_node_count": 1,
            "ip_allocation_policy": [
              {
                "additional_pod_ranges_config": [],
                "cluster_ipv4_cidr_block": "10.72.0.0/14",
                "cluster_secondary_range_name": "gke-k8s-cluster-pods-87af9842",
                "pod_cidr_overprovision_config": [
                  {
                    "disabled": false
                  }
                ],
                "services_ipv4_cidr_block": "34.118.224.0/20",
                "services_secondary_range_name": "",
                "stack_type": "IPV4"
              }
            ],
            "label_fingerprint": "a9dc16a7",
            "location": "asia-southeast1-a",
            "logging_config": [
              {
                "enable_components": [
                  "SYSTEM_COMPONENTS",
                  "WORKLOADS"
                ]
              }
            ],
            "logging_service": "logging.googleapis.com/kubernetes",
            "maintenance_policy": [],
            "master_auth": [
              {
                "client_certificate": "",
                "client_certificate_config": [
                  {
                    "issue_client_certificate": false
                  }
                ],
                "client_key": "",
                "cluster_ca_certificate": "LS0tLS1CRUdJTiBDRVJUSUZJQ0FURS0tLS0tCk1JSUVMRENDQXBTZ0F3SUJBZ0lRUWVTR1ZnZHlrZGwydzdDa3NQdDRMVEFOQmdrcWhraUc5dzBCQVFzRkFEQXYKTVMwd0t3WURWUVFERXlRMk1UZGxPV0psT0MwelpERTNMVFF4WXpjdFlURmlPUzAxWmpVM1pUVmpNakU1Wm1JdwpJQmNOTWpReE1qSXpNakl3TWpJMVdoZ1BNakExTkRFeU1UWXlNekF5TWpWYU1DOHhMVEFyQmdOVkJBTVRKRFl4Ck4yVTVZbVU0TFROa01UY3ROREZqTnkxaE1XSTVMVFZtTlRkbE5XTXlNVGxtWWpDQ0FhSXdEUVlKS29aSWh2Y04KQVFFQkJRQURnZ0dQQURDQ0FZb0NnZ0dCQUt4NTlpQnJsTTVTTDBZUFRIaUtUbjBUamNmLytaVGIra0VENHZlbApCdzJUQnY1cHlUSVRQNXpuTDd3eVRnSm1oOWx3dzJYTWVHb3l0QUtubjRITFVMcFlvQmVEdnh0cmRwUEpDRzhXCmFUSnJsZGp1N09XK2JiMUNneXpkcUpZN3dWS2Y5cnRnQTNIdWVvenJKQWR3UlNMYld4YWZHUkYwbW4wcjFuZHIKUC9Tb1N0NmFJY28zd2ZKQjBmbmdnbEtOTEZ5MUIzRGoxUFdOQ0hDZklnT0Q2alBWYXh0S2ZrUEM2K3locEF3NwpKZnlOMEc4NXlkeWNERC9mQm1leE1JN0JreGdIc1dreFVvM3AzdVhPajlQN0JPR2NjM0FaZGRkY3JZMDR2allOCmtoWDZ4bGhyVk9Rc1RJcXJQdTlmRkdRN240NkhQSzkvWTkxYmtTRVZhbGFNZElVek1sakQ0S1M0NUJZM2ZQeVgKcHBSZXBLT1k4VURDTFhXbFYvTlhEeUFBZ3ZiZkI5Z3VTNEFKU1RqQkl0OTJDc2JsRDZaZW1TRTBtR0lPN2xWWApHTVkwWlpQWUdINUo4aDQ4UENkaTErcURZaXVEVDBDT2NlS0dvOXhsUkhLSlpjd2docnVwbERSVElNRkNick82CkRrOWowbWFkbUY2TjRtaDR0SUVPTTNITDJ3SURBUUFCbzBJd1FEQU9CZ05WSFE4QkFmOEVCQU1DQWdRd0R3WUQKVlIwVEFRSC9CQVV3QXdFQi96QWRCZ05WSFE0RUZnUVV0bG5NaFNHbFJDWklQK0ZNdlRmMS9rMWdaY2d3RFFZSgpLb1pJaHZjTkFRRUxCUUFEZ2dHQkFGdUJWZm1reEtPOVN2bG1sSXVDWVpXVGo0ZHdHWE8vdE5GUTVicmtxTGprCklUWkFzdEdLWnZ6dmVqVTFFMW9rclgyV1dtbldIMWJWZVlUeWdoWm9oaXNNaTJXQ2tKYmVvOHdvRkVPSC9IVGwKTmhMRDJJbEJIejJxdnp0aFRUZ0hUSGFrMjJUSFljQUttc3BURDhzeDFuT0hDMytELzI1WFhSUXVpZ0JDL1RhTwovdENIM095ZG8yQkpSZXdGaTN6bVhQZWtzVmdiSXYrNzIxQXgvOUdGMWRPNm1jdndKYzlYWWVVRU5BTWVLenY2CjJOS201ZnRnZ2kxMitMRklLVVU4QmNHZDl2LzhCQ2h6VC9oa0Nac2V2WmNvamo0RWlFVTZ1ZVVUWGxMZDJQa20Kbm16V3NGWVhhaHNYWVpNMTR6UG1xYnI3UUpwZWtqUmRCdStWNHh2WDJmekR4RmJSZzRMUjdmM0NKMzA2a0FKdgpQSEo0WWJDblBRalFHLzVUQURvNWYvb2NGbWNGTWtwZUpUNHo3bExqR0RXeFdPNEVXQ0xiT0lheDI0TnFlL0daCkNvY2lCa04yUk9RRDNjalhZMk5rbjM2ZzV2bXVNN3ZLU1JjVHZ2eElmUUEzZjdEbTFVYzhEYWdCZldEdi9xOGcKYU1jOFRDTDFhTnJ1TEJmL0YrS05Bdz09Ci0tLS0tRU5EIENFUlRJRklDQVRFLS0tLS0K"
              }
            ],
            "master_authorized_networks_config": [],
            "master_version": "1.30.6-gke.1125000",
            "mesh_certificates": [],
            "min_master_version": null,
            "monitoring_config": [
              {
                "advanced_datapath_observability_config": [
                  {
                    "enable_metrics": false,
                    "enable_relay": false,
                    "relay_mode": "DISABLED"
                  }
                ],
                "enable_components": [
                  "SYSTEM_COMPONENTS",
                  "STATEFULSET",
                  "STORAGE",
                  "HPA",
                  "POD",
                  "DAEMONSET",
                  "DEPLOYMENT",
                  "CADVISOR",
                  "KUBELET"
                ],
                "managed_prometheus": [
                  {
                    "enabled": true
                  }
                ]
              }
            ],
            "monitoring_service": "monitoring.googleapis.com/kubernetes",
            "name": "k8s-cluster",
            "network": "projects/constant-rig-444419-v6/global/networks/default",
            "network_policy": [
              {
                "enabled": false,
                "provider": "PROVIDER_UNSPECIFIED"
              }
            ],
            "networking_mode": "VPC_NATIVE",
            "node_config": [
              {
                "advanced_machine_features": [],
                "boot_disk_kms_key": "",
                "confidential_nodes": [],
                "disk_size_gb": 100,
                "disk_type": "pd-balanced",
                "effective_taints": [],
                "ephemeral_storage_local_ssd_config": [],
                "fast_socket": [],
                "gcfs_config": [],
                "guest_accelerator": [],
                "gvnic": [],
                "host_maintenance_policy": [],
                "image_type": "COS_CONTAINERD",
                "kubelet_config": [
                  {
                    "cpu_cfs_quota": false,
                    "cpu_cfs_quota_period": "",
                    "cpu_manager_policy": "",
                    "pod_pids_limit": 0
                  }
                ],
                "labels": {},
                "linux_node_config": [],
                "local_nvme_ssd_block_config": [],
                "local_ssd_count": 0,
                "logging_variant": "DEFAULT",
                "machine_type": "e2-micro",
                "metadata": {
                  "disable-legacy-endpoints": "true"
                },
                "min_cpu_platform": "",
                "node_group": "",
                "oauth_scopes": [
                  "https://www.googleapis.com/auth/devstorage.read_only",
                  "https://www.googleapis.com/auth/logging.write",
                  "https://www.googleapis.com/auth/monitoring",
                  "https://www.googleapis.com/auth/service.management.readonly",
                  "https://www.googleapis.com/auth/servicecontrol",
                  "https://www.googleapis.com/auth/trace.append"
                ],
                "preemptible": true,
                "reservation_affinity": [],
                "resource_labels": null,
                "resource_manager_tags": null,
                "service_account": "default",
                "shielded_instance_config": [
                  {
                    "enable_integrity_monitoring": true,
                    "enable_secure_boot": false
                  }
                ],
                "sole_tenant_config": [],
                "spot": false,
                "tags": null,
                "taint": [],
                "workload_metadata_config": []
              }
            ],
            "node_locations": [],
            "node_pool": [
              {
                "autoscaling": [],
                "initial_node_count": 1,
                "instance_group_urls": [
                  "https://www.googleapis.com/compute/v1/projects/constant-rig-444419-v6/zones/asia-southeast1-a/instanceGroupManagers/gke-k8s-cluster-default-pool-f15c159a-grp"
                ],
                "managed_instance_group_urls": [
                  "https://www.googleapis.com/compute/v1/projects/constant-rig-444419-v6/zones/asia-southeast1-a/instanceGroups/gke-k8s-cluster-default-pool-f15c159a-grp"
                ],
                "management": [
                  {
                    "auto_repair": true,
                    "auto_upgrade": true
                  }
                ],
                "max_pods_per_node": 110,
                "name": "default-pool",
                "name_prefix": "",
                "network_config": [
                  {
                    "create_pod_range": false,
                    "enable_private_nodes": false,
                    "network_performance_config": [],
                    "pod_cidr_overprovision_config": [],
                    "pod_ipv4_cidr_block": "10.72.0.0/14",
                    "pod_range": "gke-k8s-cluster-pods-87af9842"
                  }
                ],
                "node_config": [
                  {
                    "advanced_machine_features": [],
                    "boot_disk_kms_key": "",
                    "confidential_nodes": [],
                    "disk_size_gb": 100,
                    "disk_type": "pd-balanced",
                    "effective_taints": [],
                    "ephemeral_storage_local_ssd_config": [],
                    "fast_socket": [],
                    "gcfs_config": [],
                    "guest_accelerator": [],
                    "gvnic": [],
                    "host_maintenance_policy": [],
                    "image_type": "COS_CONTAINERD",
                    "kubelet_config": [
                      {
                        "cpu_cfs_quota": false,
                        "cpu_cfs_quota_period": "",
                        "cpu_manager_policy": "",
                        "pod_pids_limit": 0
                      }
                    ],
                    "labels": {},
                    "linux_node_config": [],
                    "local_nvme_ssd_block_config": [],
                    "local_ssd_count": 0,
                    "logging_variant": "DEFAULT",
                    "machine_type": "e2-micro",
                    "metadata": {
                      "disable-legacy-endpoints": "true"
                    },
                    "min_cpu_platform": "",
                    "node_group": "",
                    "oauth_scopes": [
                      "https://www.googleapis.com/auth/devstorage.read_only",
                      "https://www.googleapis.com/auth/logging.write",
                      "https://www.googleapis.com/auth/monitoring",
                      "https://www.googleapis.com/auth/service.management.readonly",
                      "https://www.googleapis.com/auth/servicecontrol",
                      "https://www.googleapis.com/auth/trace.append"
                    ],
                    "preemptible": true,
                    "reservation_affinity": [],
                    "resource_labels": {},
                    "resource_manager_tags": {},
                    "service_account": "default",
                    "shielded_instance_config": [
                      {
                        "enable_integrity_monitoring": true,
                        "enable_secure_boot": false
                      }
                    ],
                    "sole_tenant_config": [],
                    "spot": false,
                    "tags": [],
                    "taint": [],
                    "workload_metadata_config": []
                  }
                ],
                "node_count": 1,
                "node_locations": [
                  "asia-southeast1-a"
                ],
                "placement_policy": [],
                "upgrade_settings": [
                  {
                    "blue_green_settings": [],
                    "max_surge": 1,
                    "max_unavailable": 0,
                    "strategy": "SURGE"
                  }
                ],
                "version": "1.30.6-gke.1125000"
              }
            ],
            "node_pool_auto_config": [],
            "node_pool_defaults": [
              {
                "node_config_defaults": [
                  {
                    "logging_variant": "DEFAULT"
                  }
                ]
              }
            ],
            "node_version": "1.30.6-gke.1125000",
            "notification_config": [
              {
                "pubsub": [
                  {
                    "enabled": false,
                    "filter": [],
                    "topic": ""
                  }
                ]
              }
            ],
            "operation": null,
            "private_cluster_config": [
              {
                "enable_private_endpoint": false,
                "enable_private_nodes": false,
                "master_global_access_config": [
                  {
                    "enabled": false
                  }
                ],
                "master_ipv4_cidr_block": "",
                "peering_name": "",
                "private_endpoint": "10.148.0.8",
                "private_endpoint_subnetwork": "",
                "public_endpoint": "34.124.157.179"
              }
            ],
            "private_ipv6_google_access": "",
            "project": "constant-rig-444419-v6",
            "release_channel": [
              {
                "channel": "REGULAR"
              }
            ],
            "remove_default_node_pool": null,
            "resource_labels": null,
            "resource_usage_export_config": [],
            "security_posture_config": [
              {
                "mode": "BASIC",
                "vulnerability_mode": "VULNERABILITY_MODE_UNSPECIFIED"
              }
            ],
            "self_link": "https://container.googleapis.com/v1/projects/constant-rig-444419-v6/zones/asia-southeast1-a/clusters/k8s-cluster",
            "service_external_ips_config": [
              {
                "enabled": false
              }
            ],
            "services_ipv4_cidr": "34.118.224.0/20",
            "subnetwork": "projects/constant-rig-444419-v6/regions/asia-southeast1/subnetworks/default",
            "timeouts": null,
            "tpu_ipv4_cidr_block": "",
            "vertical_pod_autoscaling": [],
            "workload_identity_config": []
          },
          "sensitive_attributes": [
            [
              {
                "type": "get_attr",
                "value": "master_auth"
              },
              {
                "type": "index",
                "value": {
                  "value": 0,
                  "type": "number"
                }
              },
              {
                "type": "get_attr",
                "value": "client_key"
              }
            ]
          ],
          "private": "eyJlMmJmYjczMC1lY2FhLTExZTYtOGY4OC0zNDM2M2JjN2M0YzAiOnsiY3JlYXRlIjoyNDAwMDAwMDAwMDAwLCJkZWxldGUiOjI0MDAwMDAwMDAwMDAsInJlYWQiOjI0MDAwMDAwMDAwMDAsInVwZGF0ZSI6MzYwMDAwMDAwMDAwMH0sInNjaGVtYV92ZXJzaW9uIjoiMiJ9"
        }
      ]
    },
    {
      "mode": "managed",
      "type": "kubernetes_deployment_v1",
      "name": "default",
      "provider": "provider[\"registry.terraform.io/hashicorp/kubernetes\"]",
      "instances": [
        {
          "schema_version": 1,
          "attributes": {
            "id": "default/deployment-name",
            "metadata": [
              {
                "annotations": null,
                "generate_name": "",
                "generation": 1,
                "labels": null,
                "name": "deployment-name",
                "namespace": "default",
                "resource_version": "1960",
                "uid": "59576259-6145-41cb-a2e7-52285510a62c"
              }
            ],
            "spec": [
              {
                "min_ready_seconds": 0,
                "paused": false,
                "progress_deadline_seconds": 600,
                "replicas": "1",
                "revision_history_limit": 10,
                "selector": [
                  {
                    "match_expressions": [],
                    "match_labels": {
                      "app": "label-name"
                    }
                  }
                ],
                "strategy": [
                  {
                    "rolling_update": [
                      {
                        "max_surge": "25%",
                        "max_unavailable": "25%"
                      }
                    ],
                    "type": "RollingUpdate"
                  }
                ],
                "template": [
                  {
                    "metadata": [
                      {
                        "annotations": null,
                        "generate_name": "",
                        "generation": 0,
                        "labels": {
                          "app": "label-name"
                        },
                        "name": "",
                        "namespace": "",
                        "resource_version": "",
                        "uid": ""
                      }
                    ],
                    "spec": [
                      {
                        "active_deadline_seconds": 0,
                        "affinity": [],
                        "automount_service_account_token": true,
                        "container": [
                          {
                            "args": null,
                            "command": null,
                            "env": [],
                            "env_from": [],
                            "image": "northamerica-south1-docker.pkg.dev/constant-rig-444419-v6/tp/express-ts:latest",
                            "image_pull_policy": "Always",
                            "lifecycle": [],
                            "liveness_probe": [],
                            "name": "express-ts",
                            "port": [],
                            "readiness_probe": [],
                            "resources": [
                              {
                                "limits": {},
                                "requests": {}
                              }
                            ],
                            "security_context": [],
                            "startup_probe": [],
                            "stdin": false,
                            "stdin_once": false,
                            "termination_message_path": "/dev/termination-log",
                            "termination_message_policy": "File",
                            "tty": false,
                            "volume_device": [],
                            "volume_mount": [],
                            "working_dir": ""
                          }
                        ],
                        "dns_config": [],
                        "dns_policy": "ClusterFirst",
                        "enable_service_links": true,
                        "host_aliases": [],
                        "host_ipc": false,
                        "host_network": false,
                        "host_pid": false,
                        "hostname": "",
                        "image_pull_secrets": [],
                        "init_container": [],
                        "node_name": "",
                        "node_selector": null,
                        "os": [],
                        "priority_class_name": "",
                        "readiness_gate": [],
                        "restart_policy": "Always",
                        "runtime_class_name": "",
                        "scheduler_name": "default-scheduler",
                        "security_context": [],
                        "service_account_name": "",
                        "share_process_namespace": false,
                        "subdomain": "",
                        "termination_grace_period_seconds": 30,
                        "toleration": [],
                        "topology_spread_constraint": [],
                        "volume": []
                      }
                    ]
                  }
                ]
              }
            ],
            "timeouts": null,
            "wait_for_rollout": true
          },
          "sensitive_attributes": [],
          "private": "eyJlMmJmYjczMC1lY2FhLTExZTYtOGY4OC0zNDM2M2JjN2M0YzAiOnsiY3JlYXRlIjo2MDAwMDAwMDAwMDAsImRlbGV0ZSI6NjAwMDAwMDAwMDAwLCJ1cGRhdGUiOjYwMDAwMDAwMDAwMH0sInNjaGVtYV92ZXJzaW9uIjoiMSJ9",
          "dependencies": [
            "data.google_client_config.default",
            "google_container_cluster.default"
          ]
        }
      ]
    },
    {
      "mode": "managed",
      "type": "kubernetes_service_v1",
      "name": "default",
      "provider": "provider[\"registry.terraform.io/hashicorp/kubernetes\"]",
      "instances": [
        {
          "schema_version": 1,
          "attributes": {
            "id": "default/service-name",
            "metadata": [
              {
                "annotations": {
                  "cloud.google.com/neg": "{\"ingress\":true}"
                },
                "generate_name": "",
                "generation": 0,
                "labels": null,
                "name": "service-name",
                "namespace": "default",
                "resource_version": "2463",
                "uid": "3bf8c8f1-4560-44ab-9eca-020eb0bbd08e"
              }
            ],
            "spec": [
              {
                "allocate_load_balancer_node_ports": true,
                "cluster_ip": "34.118.230.12",
                "cluster_ips": [
                  "34.118.230.12"
                ],
                "external_ips": null,
                "external_name": "",
                "external_traffic_policy": "Cluster",
                "health_check_node_port": 0,
                "internal_traffic_policy": "Cluster",
                "ip_families": [
                  "IPv4"
                ],
                "ip_family_policy": "SingleStack",
                "load_balancer_class": "",
                "load_balancer_ip": "",
                "load_balancer_source_ranges": null,
                "port": [
                  {
                    "app_protocol": "",
                    "name": "",
                    "node_port": 32306,
                    "port": 80,
                    "protocol": "TCP",
                    "target_port": "3000"
                  }
                ],
                "publish_not_ready_addresses": false,
                "selector": {
                  "app": "label-name"
                },
                "session_affinity": "None",
                "session_affinity_config": [],
                "type": "LoadBalancer"
              }
            ],
            "status": [
              {
                "load_balancer": [
                  {
                    "ingress": [
                      {
                        "hostname": "",
                        "ip": "34.124.187.208"
                      }
                    ]
                  }
                ]
              }
            ],
            "timeouts": null,
            "wait_for_load_balancer": true
          },
          "sensitive_attributes": [],
          "private": "eyJlMmJmYjczMC1lY2FhLTExZTYtOGY4OC0zNDM2M2JjN2M0YzAiOnsiY3JlYXRlIjo2MDAwMDAwMDAwMDB9LCJzY2hlbWFfdmVyc2lvbiI6IjEifQ==",
          "dependencies": [
            "data.google_client_config.default",
            "google_container_cluster.default",
            "kubernetes_deployment_v1.default",
            "time_sleep.wait_service_cleanup"
          ]
        }
      ]
    },
    {
      "mode": "managed",
      "type": "time_sleep",
      "name": "wait_service_cleanup",
      "provider": "provider[\"registry.terraform.io/hashicorp/time\"]",
      "instances": [
        {
          "schema_version": 0,
          "attributes": {
            "create_duration": null,
            "destroy_duration": "180s",
            "id": "2024-12-23T23:09:33Z",
            "triggers": null
          },
          "sensitive_attributes": [],
          "dependencies": [
            "google_container_cluster.default"
          ]
        }
      ]
    }
  ],
  "check_results": null
}
